
Microsoft Visual Studio Solution File, Format Version 12.00
# Visual Studio Version 17
VisualStudioVersion = 17.8.34322.80
MinimumVisualStudioVersion = 10.0.40219.1
Project("{9A19103F-16F7-4668-BE54-9A1E7A4F7556}") = "MagicHouse_HouseAPI", "MagicHouse_HouseAPI\MagicHouse_HouseAPI.csproj", "{768CC896-9F22-444B-B8A2-E027C3FF3531}"
EndProject
Global
	GlobalSection(SolutionConfigurationPlatforms) = preSolution
		Debug|Any CPU = Debug|Any CPU
		Release|Any CPU = Release|Any CPU
	EndGlobalSection
	GlobalSection(ProjectConfigurationPlatforms) = postSolution
		{768CC896-9F22-444B-B8A2-E027C3FF3531}.Debug|Any CPU.ActiveCfg = Debug|Any CPU
		{768CC896-9F22-444B-B8A2-E027C3FF3531}.Debug|Any CPU.Build.0 = Debug|Any CPU
		{768CC896-9F22-444B-B8A2-E027C3FF3531}.Release|Any CPU.ActiveCfg = Release|Any CPU
		{768CC896-9F22-444B-B8A2-E027C3FF3531}.Release|Any CPU.Build.0 = Release|Any CPU
	EndGlobalSection
	GlobalSection(SolutionProperties) = preSolution
		HideSolutionNode = FALSE
	EndGlobalSection
	GlobalSection(ExtensibilityGlobals) = postSolution
		SolutionGuid = {24991922-3628-4F36-885F-4D18EF8EBCC8}
	EndGlobalSection
EndGlobal
